
Microsoft Visual Studio Solution File, Format Version 11.00
# Visual Studio 2010
Project("{F184B08F-C81C-45F6-A57F-5ABD9991F28F}") = "BusinessObjects", "BusinessObjects\BusinessObjects.vbproj", "{2F5551CC-E741-4837-AC6F-0130D8965313}"
EndProject
Project("{F184B08F-C81C-45F6-A57F-5ABD9991F28F}") = "WinClient", "WinClient\WinClient.vbproj", "{AE104605-19B7-47EA-B08D-AEF1738A06FD}"
EndProject
Global
	GlobalSection(SolutionConfigurationPlatforms) = preSolution
		Debug|Any CPU = Debug|Any CPU
		Debug|Mixed Platforms = Debug|Mixed Platforms
		Debug|x86 = Debug|x86
		Release|Any CPU = Release|Any CPU
		Release|Mixed Platforms = Release|Mixed Platforms
		Release|x86 = Release|x86
	EndGlobalSection
	GlobalSection(ProjectConfigurationPlatforms) = postSolution
		{2F5551CC-E741-4837-AC6F-0130D8965313}.Debug|Any CPU.ActiveCfg = Debug|Any CPU
		{2F5551CC-E741-4837-AC6F-0130D8965313}.Debug|Any CPU.Build.0 = Debug|Any CPU
		{2F5551CC-E741-4837-AC6F-0130D8965313}.Debug|Mixed Platforms.ActiveCfg = Debug|Any CPU
		{2F5551CC-E741-4837-AC6F-0130D8965313}.Debug|Mixed Platforms.Build.0 = Debug|Any CPU
		{2F5551CC-E741-4837-AC6F-0130D8965313}.Debug|x86.ActiveCfg = Debug|Any CPU
		{2F5551CC-E741-4837-AC6F-0130D8965313}.Release|Any CPU.ActiveCfg = Release|Any CPU
		{2F5551CC-E741-4837-AC6F-0130D8965313}.Release|Any CPU.Build.0 = Release|Any CPU
		{2F5551CC-E741-4837-AC6F-0130D8965313}.Release|Mixed Platforms.ActiveCfg = Release|Any CPU
		{2F5551CC-E741-4837-AC6F-0130D8965313}.Release|Mixed Platforms.Build.0 = Release|Any CPU
		{2F5551CC-E741-4837-AC6F-0130D8965313}.Release|x86.ActiveCfg = Release|Any CPU
		{AE104605-19B7-47EA-B08D-AEF1738A06FD}.Debug|Any CPU.ActiveCfg = Debug|x86
		{AE104605-19B7-47EA-B08D-AEF1738A06FD}.Debug|Mixed Platforms.ActiveCfg = Debug|x86
		{AE104605-19B7-47EA-B08D-AEF1738A06FD}.Debug|Mixed Platforms.Build.0 = Debug|x86
		{AE104605-19B7-47EA-B08D-AEF1738A06FD}.Debug|x86.ActiveCfg = Debug|x86
		{AE104605-19B7-47EA-B08D-AEF1738A06FD}.Debug|x86.Build.0 = Debug|x86
		{AE104605-19B7-47EA-B08D-AEF1738A06FD}.Release|Any CPU.ActiveCfg = Release|x86
		{AE104605-19B7-47EA-B08D-AEF1738A06FD}.Release|Mixed Platforms.ActiveCfg = Release|x86
		{AE104605-19B7-47EA-B08D-AEF1738A06FD}.Release|Mixed Platforms.Build.0 = Release|x86
		{AE104605-19B7-47EA-B08D-AEF1738A06FD}.Release|x86.ActiveCfg = Release|x86
		{AE104605-19B7-47EA-B08D-AEF1738A06FD}.Release|x86.Build.0 = Release|x86
	EndGlobalSection
	GlobalSection(SolutionProperties) = preSolution
		HideSolutionNode = FALSE
	EndGlobalSection
EndGlobal
